
Microsoft Visual Studio Solution File, Format Version 12.00
# Visual Studio 14
VisualStudioVersion = 14.0.25420.1
MinimumVisualStudioVersion = 10.0.40219.1
Project("{FAE04EC0-301F-11D3-BF4B-00C04F79EFBC}") = "IfStatement", "IfStatement\IfStatement.csproj", "{1700F4FC-F7AF-4CAA-A3FB-E3A257DA18A4}"
EndProject
Project("{FAE04EC0-301F-11D3-BF4B-00C04F79EFBC}") = "ForStatement", "ForStatement\ForStatement.csproj", "{365B97C2-B990-4C77-A4D5-FE7142E5E1DE}"
EndProject
Project("{FAE04EC0-301F-11D3-BF4B-00C04F79EFBC}") = "Draw a Filled Square", "Draw a Filled Square\Draw a Filled Square.csproj", "{5784B3AF-C407-46FC-BA06-D12510B80B7F}"
EndProject
Project("{FAE04EC0-301F-11D3-BF4B-00C04F79EFBC}") = "CalculateTriangleArea", "CalculateTriangleArea\CalculateTriangleArea.csproj", "{10FA6F48-F7CC-4621-B74D-BD37D2327BA0}"
EndProject
Global
	GlobalSection(SolutionConfigurationPlatforms) = preSolution
		Debug|Any CPU = Debug|Any CPU
		Release|Any CPU = Release|Any CPU
	EndGlobalSection
	GlobalSection(ProjectConfigurationPlatforms) = postSolution
		{1700F4FC-F7AF-4CAA-A3FB-E3A257DA18A4}.Debug|Any CPU.ActiveCfg = Debug|Any CPU
		{1700F4FC-F7AF-4CAA-A3FB-E3A257DA18A4}.Debug|Any CPU.Build.0 = Debug|Any CPU
		{1700F4FC-F7AF-4CAA-A3FB-E3A257DA18A4}.Release|Any CPU.ActiveCfg = Release|Any CPU
		{1700F4FC-F7AF-4CAA-A3FB-E3A257DA18A4}.Release|Any CPU.Build.0 = Release|Any CPU
		{365B97C2-B990-4C77-A4D5-FE7142E5E1DE}.Debug|Any CPU.ActiveCfg = Debug|Any CPU
		{365B97C2-B990-4C77-A4D5-FE7142E5E1DE}.Debug|Any CPU.Build.0 = Debug|Any CPU
		{365B97C2-B990-4C77-A4D5-FE7142E5E1DE}.Release|Any CPU.ActiveCfg = Release|Any CPU
		{365B97C2-B990-4C77-A4D5-FE7142E5E1DE}.Release|Any CPU.Build.0 = Release|Any CPU
		{5784B3AF-C407-46FC-BA06-D12510B80B7F}.Debug|Any CPU.ActiveCfg = Debug|Any CPU
		{5784B3AF-C407-46FC-BA06-D12510B80B7F}.Debug|Any CPU.Build.0 = Debug|Any CPU
		{5784B3AF-C407-46FC-BA06-D12510B80B7F}.Release|Any CPU.ActiveCfg = Release|Any CPU
		{5784B3AF-C407-46FC-BA06-D12510B80B7F}.Release|Any CPU.Build.0 = Release|Any CPU
		{10FA6F48-F7CC-4621-B74D-BD37D2327BA0}.Debug|Any CPU.ActiveCfg = Debug|Any CPU
		{10FA6F48-F7CC-4621-B74D-BD37D2327BA0}.Debug|Any CPU.Build.0 = Debug|Any CPU
		{10FA6F48-F7CC-4621-B74D-BD37D2327BA0}.Release|Any CPU.ActiveCfg = Release|Any CPU
		{10FA6F48-F7CC-4621-B74D-BD37D2327BA0}.Release|Any CPU.Build.0 = Release|Any CPU
	EndGlobalSection
	GlobalSection(SolutionProperties) = preSolution
		HideSolutionNode = FALSE
	EndGlobalSection
EndGlobal
